// !$*UTF8*$!
{
	archiveVersion = 1;
	classes = {
	};
	objectVersion = 50;
	objects = {

/* Begin PBXBuildFile section */
		8C57948421093023006879C9 /* KisilerListe.swift in Sources */ = {isa = PBXBuildFile; fileRef = 8C57948321093023006879C9 /* KisilerListe.swift */; };
		8C7B2FF62108E35500D7081F /* AppDelegate.swift in Sources */ = {isa = PBXBuildFile; fileRef = 8C7B2FF52108E35500D7081F /* AppDelegate.swift */; };
		8C7B2FF82108E35500D7081F /* DetectDevice.swift in Sources */ = {isa = PBXBuildFile; fileRef = 8C7B2FF72108E35500D7081F /* DetectDevice.swift */; };
		8C7B2FFB2108E35500D7081F /* Iphone.storyboard in Resources */ = {isa = PBXBuildFile; fileRef = 8C7B2FF92108E35500D7081F /* Iphone.storyboard */; };
		8C7B2FFE2108E35500D7081F /* proBazi.xcdatamodeld in Sources */ = {isa = PBXBuildFile; fileRef = 8C7B2FFC2108E35500D7081F /* proBazi.xcdatamodeld */; };
		8C7B30002108E35700D7081F /* Assets.xcassets in Resources */ = {isa = PBXBuildFile; fileRef = 8C7B2FFF2108E35700D7081F /* Assets.xcassets */; };
		8C7B30032108E35700D7081F /* LaunchScreen.storyboard in Resources */ = {isa = PBXBuildFile; fileRef = 8C7B30012108E35700D7081F /* LaunchScreen.storyboard */; };
		8C7B300B2108E80700D7081F /* IPadWelcomeVC.swift in Sources */ = {isa = PBXBuildFile; fileRef = 8C7B300A2108E80700D7081F /* IPadWelcomeVC.swift */; };
		8C7B300E2108E84100D7081F /* WelcomeVC.swift in Sources */ = {isa = PBXBuildFile; fileRef = 8C7B300D2108E84100D7081F /* WelcomeVC.swift */; };
		8C7B30102108E94A00D7081F /* BaziGoster.swift in Sources */ = {isa = PBXBuildFile; fileRef = 8C7B300F2108E94A00D7081F /* BaziGoster.swift */; };
		8C7B305A2108F1B200D7081F /* BHDPartOne.swift in Sources */ = {isa = PBXBuildFile; fileRef = 8C7B30592108F1B200D7081F /* BHDPartOne.swift */; };
		8C7B305C2108F1C700D7081F /* BHDPartTwo.swift in Sources */ = {isa = PBXBuildFile; fileRef = 8C7B305B2108F1C700D7081F /* BHDPartTwo.swift */; };
		8C7B305E21090BEF00D7081F /* FourPillar.swift in Sources */ = {isa = PBXBuildFile; fileRef = 8C7B305D21090BEF00D7081F /* FourPillar.swift */; };
		8C7B306A21090FAA00D7081F /* Favs.swift in Sources */ = {isa = PBXBuildFile; fileRef = 8C7B306921090FAA00D7081F /* Favs.swift */; };
		8C7B306C2109117B00D7081F /* KisilerYeniEkle.swift in Sources */ = {isa = PBXBuildFile; fileRef = 8C7B306B2109117B00D7081F /* KisilerYeniEkle.swift */; };
		8C7B306E2109123300D7081F /* Secenekler.swift in Sources */ = {isa = PBXBuildFile; fileRef = 8C7B306D2109123300D7081F /* Secenekler.swift */; };
		8CDCAB7E2114B62900BE7BB6 /* Ipad.storyboard in Resources */ = {isa = PBXBuildFile; fileRef = 8CDCAB7D2114B62900BE7BB6 /* Ipad.storyboard */; };
		8CDCAB802114BB6F00BE7BB6 /* DetectScreen.storyboard in Resources */ = {isa = PBXBuildFile; fileRef = 8CDCAB7F2114BB6F00BE7BB6 /* DetectScreen.storyboard */; };
/* End PBXBuildFile section */

/* Begin PBXFileReference section */
		8C57948321093023006879C9 /* KisilerListe.swift */ = {isa = PBXFileReference; lastKnownFileType = sourcecode.swift; path = KisilerListe.swift; sourceTree = "<group>"; };
		8C7B2FF22108E35500D7081F /* proBazi.app */ = {isa = PBXFileReference; explicitFileType = wrapper.application; includeInIndex = 0; path = proBazi.app; sourceTree = BUILT_PRODUCTS_DIR; };
		8C7B2FF52108E35500D7081F /* AppDelegate.swift */ = {isa = PBXFileReference; lastKnownFileType = sourcecode.swift; path = AppDelegate.swift; sourceTree = "<group>"; };
		8C7B2FF72108E35500D7081F /* DetectDevice.swift */ = {isa = PBXFileReference; lastKnownFileType = sourcecode.swift; path = DetectDevice.swift; sourceTree = "<group>"; };
		8C7B2FFA2108E35500D7081F /* Base */ = {isa = PBXFileReference; lastKnownFileType = file.storyboard; name = Base; path = Base.lproj/Iphone.storyboard; sourceTree = "<group>"; };
		8C7B2FFD2108E35500D7081F /* proBazi.xcdatamodel */ = {isa = PBXFileReference; lastKnownFileType = wrapper.xcdatamodel; path = proBazi.xcdatamodel; sourceTree = "<group>"; };
		8C7B2FFF2108E35700D7081F /* Assets.xcassets */ = {isa = PBXFileReference; lastKnownFileType = folder.assetcatalog; path = Assets.xcassets; sourceTree = "<group>"; };
		8C7B30022108E35700D7081F /* Base */ = {isa = PBXFileReference; lastKnownFileType = file.storyboard; name = Base; path = Base.lproj/LaunchScreen.storyboard; sourceTree = "<group>"; };
		8C7B30042108E35700D7081F /* Info.plist */ = {isa = PBXFileReference; lastKnownFileType = text.plist.xml; path = Info.plist; sourceTree = "<group>"; };
		8C7B300A2108E80700D7081F /* IPadWelcomeVC.swift */ = {isa = PBXFileReference; lastKnownFileType = sourcecode.swift; path = IPadWelcomeVC.swift; sourceTree = "<group>"; };
		8C7B300D2108E84100D7081F /* WelcomeVC.swift */ = {isa = PBXFileReference; lastKnownFileType = sourcecode.swift; path = WelcomeVC.swift; sourceTree = "<group>"; };
		8C7B300F2108E94A00D7081F /* BaziGoster.swift */ = {isa = PBXFileReference; lastKnownFileType = sourcecode.swift; path = BaziGoster.swift; sourceTree = "<group>"; };
		8C7B30592108F1B200D7081F /* BHDPartOne.swift */ = {isa = PBXFileReference; lastKnownFileType = sourcecode.swift; path = BHDPartOne.swift; sourceTree = "<group>"; };
		8C7B305B2108F1C700D7081F /* BHDPartTwo.swift */ = {isa = PBXFileReference; lastKnownFileType = sourcecode.swift; path = BHDPartTwo.swift; sourceTree = "<group>"; };
		8C7B305D21090BEF00D7081F /* FourPillar.swift */ = {isa = PBXFileReference; lastKnownFileType = sourcecode.swift; name = FourPillar.swift; path = proBazi/Control/IPhone/FourPillar.swift; sourceTree = SOURCE_ROOT; };
		8C7B306921090FAA00D7081F /* Favs.swift */ = {isa = PBXFileReference; lastKnownFileType = sourcecode.swift; path = Favs.swift; sourceTree = "<group>"; };
		8C7B306B2109117B00D7081F /* KisilerYeniEkle.swift */ = {isa = PBXFileReference; lastKnownFileType = sourcecode.swift; path = KisilerYeniEkle.swift; sourceTree = "<group>"; };
		8C7B306D2109123300D7081F /* Secenekler.swift */ = {isa = PBXFileReference; lastKnownFileType = sourcecode.swift; name = Secenekler.swift; path = proBazi/Control/IPhone/Secenekler.swift; sourceTree = SOURCE_ROOT; };
		8CDCAB7D2114B62900BE7BB6 /* Ipad.storyboard */ = {isa = PBXFileReference; lastKnownFileType = file.storyboard; path = Ipad.storyboard; sourceTree = "<group>"; };
		8CDCAB7F2114BB6F00BE7BB6 /* DetectScreen.storyboard */ = {isa = PBXFileReference; lastKnownFileType = file.storyboard; path = DetectScreen.storyboard; sourceTree = "<group>"; };
/* End PBXFileReference section */

/* Begin PBXFrameworksBuildPhase section */
		8C7B2FEF2108E35500D7081F /* Frameworks */ = {
			isa = PBXFrameworksBuildPhase;
			buildActionMask = 2147483647;
			files = (
			);
			runOnlyForDeploymentPostprocessing = 0;
		};
/* End PBXFrameworksBuildPhase section */

/* Begin PBXGroup section */
		8C7B2FE92108E35500D7081F = {
			isa = PBXGroup;
			children = (
				8C7B2FF42108E35500D7081F /* proBazi */,
				8C7B2FF32108E35500D7081F /* Products */,
			);
			sourceTree = "<group>";
		};
		8C7B2FF32108E35500D7081F /* Products */ = {
			isa = PBXGroup;
			children = (
				8C7B2FF22108E35500D7081F /* proBazi.app */,
			);
			name = Products;
			sourceTree = "<group>";
		};
		8C7B2FF42108E35500D7081F /* proBazi */ = {
			isa = PBXGroup;
			children = (
				8C7B30542108EFC200D7081F /* Model */,
				8C7B30532108EFAF00D7081F /* View */,
				8C7B300C2108E80F00D7081F /* Control */,
			);
			path = proBazi;
			sourceTree = "<group>";
		};
		8C7B300C2108E80F00D7081F /* Control */ = {
			isa = PBXGroup;
			children = (
				8C7B2FF72108E35500D7081F /* DetectDevice.swift */,
				8C7B30582108F15E00D7081F /* IPad */,
				8C7B30572108F15300D7081F /* IPhone */,
			);
			path = Control;
			sourceTree = "<group>";
		};
		8C7B30532108EFAF00D7081F /* View */ = {
			isa = PBXGroup;
			children = (
				8C7B30012108E35700D7081F /* LaunchScreen.storyboard */,
				8C7B2FF92108E35500D7081F /* Iphone.storyboard */,
				8CDCAB7D2114B62900BE7BB6 /* Ipad.storyboard */,
				8CDCAB7F2114BB6F00BE7BB6 /* DetectScreen.storyboard */,
			);
			path = View;
			sourceTree = "<group>";
		};
		8C7B30542108EFC200D7081F /* Model */ = {
			isa = PBXGroup;
			children = (
				8C7B2FF52108E35500D7081F /* AppDelegate.swift */,
				8C7B2FFF2108E35700D7081F /* Assets.xcassets */,
				8C7B30042108E35700D7081F /* Info.plist */,
				8C7B2FFC2108E35500D7081F /* proBazi.xcdatamodeld */,
			);
			path = Model;
			sourceTree = "<group>";
		};
		8C7B30572108F15300D7081F /* IPhone */ = {
			isa = PBXGroup;
			children = (
				8C7B300D2108E84100D7081F /* WelcomeVC.swift */,
				8C7B300F2108E94A00D7081F /* BaziGoster.swift */,
				8C7B305D21090BEF00D7081F /* FourPillar.swift */,
				8C7B30592108F1B200D7081F /* BHDPartOne.swift */,
				8C7B305B2108F1C700D7081F /* BHDPartTwo.swift */,
				8C57948321093023006879C9 /* KisilerListe.swift */,
				8C7B306921090FAA00D7081F /* Favs.swift */,
				8C7B306B2109117B00D7081F /* KisilerYeniEkle.swift */,
				8C7B306D2109123300D7081F /* Secenekler.swift */,
			);
			path = IPhone;
			sourceTree = "<group>";
		};
		8C7B30582108F15E00D7081F /* IPad */ = {
			isa = PBXGroup;
			children = (
				8C7B300A2108E80700D7081F /* IPadWelcomeVC.swift */,
			);
			path = IPad;
			sourceTree = "<group>";
		};
/* End PBXGroup section */

/* Begin PBXNativeTarget section */
		8C7B2FF12108E35500D7081F /* proBazi */ = {
			isa = PBXNativeTarget;
			buildConfigurationList = 8C7B30072108E35700D7081F /* Build configuration list for PBXNativeTarget "proBazi" */;
			buildPhases = (
				8C7B2FEE2108E35500D7081F /* Sources */,
				8C7B2FEF2108E35500D7081F /* Frameworks */,
				8C7B2FF02108E35500D7081F /* Resources */,
			);
			buildRules = (
			);
			dependencies = (
			);
			name = proBazi;
			productName = proBazi;
			productReference = 8C7B2FF22108E35500D7081F /* proBazi.app */;
			productType = "com.apple.product-type.application";
		};
/* End PBXNativeTarget section */

/* Begin PBXProject section */
		8C7B2FEA2108E35500D7081F /* Project object */ = {
			isa = PBXProject;
			attributes = {
				LastSwiftUpdateCheck = 0940;
				LastUpgradeCheck = 0940;
				ORGANIZATIONNAME = "Mehmet Durmaz";
				TargetAttributes = {
					8C7B2FF12108E35500D7081F = {
						CreatedOnToolsVersion = 9.4.1;
					};
				};
			};
			buildConfigurationList = 8C7B2FED2108E35500D7081F /* Build configuration list for PBXProject "proBazi" */;
			compatibilityVersion = "Xcode 9.3";
			developmentRegion = en;
			hasScannedForEncodings = 0;
			knownRegions = (
				en,
				Base,
			);
			mainGroup = 8C7B2FE92108E35500D7081F;
			productRefGroup = 8C7B2FF32108E35500D7081F /* Products */;
			projectDirPath = "";
			projectRoot = "";
			targets = (
				8C7B2FF12108E35500D7081F /* proBazi */,
			);
		};
/* End PBXProject section */

/* Begin PBXResourcesBuildPhase section */
		8C7B2FF02108E35500D7081F /* Resources */ = {
			isa = PBXResourcesBuildPhase;
			buildActionMask = 2147483647;
			files = (
				8CDCAB7E2114B62900BE7BB6 /* Ipad.storyboard in Resources */,
				8C7B30032108E35700D7081F /* LaunchScreen.storyboard in Resources */,
				8C7B30002108E35700D7081F /* Assets.xcassets in Resources */,
				8C7B2FFB2108E35500D7081F /* Iphone.storyboard in Resources */,
				8CDCAB802114BB6F00BE7BB6 /* DetectScreen.storyboard in Resources */,
			);
			runOnlyForDeploymentPostprocessing = 0;
		};
/* End PBXResourcesBuildPhase section */

/* Begin PBXSourcesBuildPhase section */
		8C7B2FEE2108E35500D7081F /* Sources */ = {
			isa = PBXSourcesBuildPhase;
			buildActionMask = 2147483647;
			files = (
				8C7B2FF82108E35500D7081F /* DetectDevice.swift in Sources */,
				8C7B305A2108F1B200D7081F /* BHDPartOne.swift in Sources */,
				8C7B300B2108E80700D7081F /* IPadWelcomeVC.swift in Sources */,
				8C7B305C2108F1C700D7081F /* BHDPartTwo.swift in Sources */,
				8C7B306A21090FAA00D7081F /* Favs.swift in Sources */,
				8C7B30102108E94A00D7081F /* BaziGoster.swift in Sources */,
				8C7B306C2109117B00D7081F /* KisilerYeniEkle.swift in Sources */,
				8C7B2FFE2108E35500D7081F /* proBazi.xcdatamodeld in Sources */,
				8C57948421093023006879C9 /* KisilerListe.swift in Sources */,
				8C7B300E2108E84100D7081F /* WelcomeVC.swift in Sources */,
				8C7B2FF62108E35500D7081F /* AppDelegate.swift in Sources */,
				8C7B306E2109123300D7081F /* Secenekler.swift in Sources */,
				8C7B305E21090BEF00D7081F /* FourPillar.swift in Sources */,
			);
			runOnlyForDeploymentPostprocessing = 0;
		};
/* End PBXSourcesBuildPhase section */

/* Begin PBXVariantGroup section */
		8C7B2FF92108E35500D7081F /* Iphone.storyboard */ = {
			isa = PBXVariantGroup;
			children = (
				8C7B2FFA2108E35500D7081F /* Base */,
			);
			name = Iphone.storyboard;
			sourceTree = "<group>";
		};
		8C7B30012108E35700D7081F /* LaunchScreen.storyboard */ = {
			isa = PBXVariantGroup;
			children = (
				8C7B30022108E35700D7081F /* Base */,
			);
			name = LaunchScreen.storyboard;
			sourceTree = "<group>";
		};
/* End PBXVariantGroup section */

/* Begin XCBuildConfiguration section */
		8C7B30052108E35700D7081F /* Debug */ = {
			isa = XCBuildConfiguration;
			buildSettings = {
				ALWAYS_SEARCH_USER_PATHS = NO;
				CLANG_ANALYZER_NONNULL = YES;
				CLANG_ANALYZER_NUMBER_OBJECT_CONVERSION = YES_AGGRESSIVE;
				CLANG_CXX_LANGUAGE_STANDARD = "gnu++14";
				CLANG_CXX_LIBRARY = "libc++";
				CLANG_ENABLE_MODULES = YES;
				CLANG_ENABLE_OBJC_ARC = YES;
				CLANG_ENABLE_OBJC_WEAK = YES;
				CLANG_WARN_BLOCK_CAPTURE_AUTORELEASING = YES;
				CLANG_WARN_BOOL_CONVERSION = YES;
				CLANG_WARN_COMMA = YES;
				CLANG_WARN_CONSTANT_CONVERSION = YES;
				CLANG_WARN_DEPRECATED_OBJC_IMPLEMENTATIONS = YES;
				CLANG_WARN_DIRECT_OBJC_ISA_USAGE = YES_ERROR;
				CLANG_WARN_DOCUMENTATION_COMMENTS = YES;
				CLANG_WARN_EMPTY_BODY = YES;
				CLANG_WARN_ENUM_CONVERSION = YES;
				CLANG_WARN_INFINITE_RECURSION = YES;
				CLANG_WARN_INT_CONVERSION = YES;
				CLANG_WARN_NON_LITERAL_NULL_CONVERSION = YES;
				CLANG_WARN_OBJC_IMPLICIT_RETAIN_SELF = YES;
				CLANG_WARN_OBJC_LITERAL_CONVERSION = YES;
				CLANG_WARN_OBJC_ROOT_CLASS = YES_ERROR;
				CLANG_WARN_RANGE_LOOP_ANALYSIS = YES;
				CLANG_WARN_STRICT_PROTOTYPES = YES;
				CLANG_WARN_SUSPICIOUS_MOVE = YES;
				CLANG_WARN_UNGUARDED_AVAILABILITY = YES_AGGRESSIVE;
				CLANG_WARN_UNREACHABLE_CODE = YES;
				CLANG_WARN__DUPLICATE_METHOD_MATCH = YES;
				CODE_SIGN_IDENTITY = "iPhone Developer";
				COPY_PHASE_STRIP = NO;
				DEBUG_INFORMATION_FORMAT = dwarf;
				ENABLE_STRICT_OBJC_MSGSEND = YES;
				ENABLE_TESTABILITY = YES;
				GCC_C_LANGUAGE_STANDARD = gnu11;
				GCC_DYNAMIC_NO_PIC = NO;
				GCC_NO_COMMON_BLOCKS = YES;
				GCC_OPTIMIZATION_LEVEL = 0;
				GCC_PREPROCESSOR_DEFINITIONS = (
					"DEBUG=1",
					"$(inherited)",
				);
				GCC_WARN_64_TO_32_BIT_CONVERSION = YES;
				GCC_WARN_ABOUT_RETURN_TYPE = YES_ERROR;
				GCC_WARN_UNDECLARED_SELECTOR = YES;
				GCC_WARN_UNINITIALIZED_AUTOS = YES_AGGRESSIVE;
				GCC_WARN_UNUSED_FUNCTION = YES;
				GCC_WARN_UNUSED_VARIABLE = YES;
				IPHONEOS_DEPLOYMENT_TARGET = 11.4;
				MTL_ENABLE_DEBUG_INFO = YES;
				ONLY_ACTIVE_ARCH = YES;
				SDKROOT = iphoneos;
				SWIFT_ACTIVE_COMPILATION_CONDITIONS = DEBUG;
				SWIFT_OPTIMIZATION_LEVEL = "-Onone";
			};
			name = Debug;
		};
		8C7B30062108E35700D7081F /* Release */ = {
			isa = XCBuildConfiguration;
			buildSettings = {
				ALWAYS_SEARCH_USER_PATHS = NO;
				CLANG_ANALYZER_NONNULL = YES;
				CLANG_ANALYZER_NUMBER_OBJECT_CONVERSION = YES_AGGRESSIVE;
				CLANG_CXX_LANGUAGE_STANDARD = "gnu++14";
				CLANG_CXX_LIBRARY = "libc++";
				CLANG_ENABLE_MODULES = YES;
				CLANG_ENABLE_OBJC_ARC = YES;
				CLANG_ENABLE_OBJC_WEAK = YES;
				CLANG_WARN_BLOCK_CAPTURE_AUTORELEASING = YES;
				CLANG_WARN_BOOL_CONVERSION = YES;
				CLANG_WARN_COMMA = YES;
				CLANG_WARN_CONSTANT_CONVERSION = YES;
				CLANG_WARN_DEPRECATED_OBJC_IMPLEMENTATIONS = YES;
				CLANG_WARN_DIRECT_OBJC_ISA_USAGE = YES_ERROR;
				CLANG_WARN_DOCUMENTATION_COMMENTS = YES;
				CLANG_WARN_EMPTY_BODY = YES;
				CLANG_WARN_ENUM_CONVERSION = YES;
				CLANG_WARN_INFINITE_RECURSION = YES;
				CLANG_WARN_INT_CONVERSION = YES;
				CLANG_WARN_NON_LITERAL_NULL_CONVERSION = YES;
				CLANG_WARN_OBJC_IMPLICIT_RETAIN_SELF = YES;
				CLANG_WARN_OBJC_LITERAL_CONVERSION = YES;
				CLANG_WARN_OBJC_ROOT_CLASS = YES_ERROR;
				CLANG_WARN_RANGE_LOOP_ANALYSIS = YES;
				CLANG_WARN_STRICT_PROTOTYPES = YES;
				CLANG_WARN_SUSPICIOUS_MOVE = YES;
				CLANG_WARN_UNGUARDED_AVAILABILITY = YES_AGGRESSIVE;
				CLANG_WARN_UNREACHABLE_CODE = YES;
				CLANG_WARN__DUPLICATE_METHOD_MATCH = YES;
				CODE_SIGN_IDENTITY = "iPhone Developer";
				COPY_PHASE_STRIP = NO;
				DEBUG_INFORMATION_FORMAT = "dwarf-with-dsym";
				ENABLE_NS_ASSERTIONS = NO;
				ENABLE_STRICT_OBJC_MSGSEND = YES;
				GCC_C_LANGUAGE_STANDARD = gnu11;
				GCC_NO_COMMON_BLOCKS = YES;
				GCC_WARN_64_TO_32_BIT_CONVERSION = YES;
				GCC_WARN_ABOUT_RETURN_TYPE = YES_ERROR;
				GCC_WARN_UNDECLARED_SELECTOR = YES;
				GCC_WARN_UNINITIALIZED_AUTOS = YES_AGGRESSIVE;
				GCC_WARN_UNUSED_FUNCTION = YES;
				GCC_WARN_UNUSED_VARIABLE = YES;
				IPHONEOS_DEPLOYMENT_TARGET = 11.4;
				MTL_ENABLE_DEBUG_INFO = NO;
				SDKROOT = iphoneos;
				SWIFT_COMPILATION_MODE = wholemodule;
				SWIFT_OPTIMIZATION_LEVEL = "-O";
				VALIDATE_PRODUCT = YES;
			};
			name = Release;
		};
		8C7B30082108E35700D7081F /* Debug */ = {
			isa = XCBuildConfiguration;
			buildSettings = {
				ASSETCATALOG_COMPILER_APPICON_NAME = AppIcon;
				CODE_SIGN_STYLE = Automatic;
				DEVELOPMENT_TEAM = 756H2LDJLG;
				INFOPLIST_FILE = "$(SRCROOT)/proBazi/Model/Info.plist";
				IPHONEOS_DEPLOYMENT_TARGET = 10.3;
				LD_RUNPATH_SEARCH_PATHS = (
					"$(inherited)",
					"@executable_path/Frameworks",
				);
				PRODUCT_BUNDLE_IDENTIFIER = com.mehmetdurmaz.proBazi;
				PRODUCT_NAME = "$(TARGET_NAME)";
				SWIFT_VERSION = 4.0;
				TARGETED_DEVICE_FAMILY = "1,2";
			};
			name = Debug;
		};
		8C7B30092108E35700D7081F /* Release */ = {
			isa = XCBuildConfiguration;
			buildSettings = {
				ASSETCATALOG_COMPILER_APPICON_NAME = AppIcon;
				CODE_SIGN_STYLE = Automatic;
				DEVELOPMENT_TEAM = 756H2LDJLG;
				INFOPLIST_FILE = "$(SRCROOT)/proBazi/Model/Info.plist";
				IPHONEOS_DEPLOYMENT_TARGET = 10.3;
				LD_RUNPATH_SEARCH_PATHS = (
					"$(inherited)",
					"@executable_path/Frameworks",
				);
				PRODUCT_BUNDLE_IDENTIFIER = com.mehmetdurmaz.proBazi;
				PRODUCT_NAME = "$(TARGET_NAME)";
				SWIFT_VERSION = 4.0;
				TARGETED_DEVICE_FAMILY = "1,2";
			};
			name = Release;
		};
/* End XCBuildConfiguration section */

/* Begin XCConfigurationList section */
		8C7B2FED2108E35500D7081F /* Build configuration list for PBXProject "proBazi" */ = {
			isa = XCConfigurationList;
			buildConfigurations = (
				8C7B30052108E35700D7081F /* Debug */,
				8C7B30062108E35700D7081F /* Release */,
			);
			defaultConfigurationIsVisible = 0;
			defaultConfigurationName = Release;
		};
		8C7B30072108E35700D7081F /* Build configuration list for PBXNativeTarget "proBazi" */ = {
			isa = XCConfigurationList;
			buildConfigurations = (
				8C7B30082108E35700D7081F /* Debug */,
				8C7B30092108E35700D7081F /* Release */,
			);
			defaultConfigurationIsVisible = 0;
			defaultConfigurationName = Release;
		};
/* End XCConfigurationList section */

/* Begin XCVersionGroup section */
		8C7B2FFC2108E35500D7081F /* proBazi.xcdatamodeld */ = {
			isa = XCVersionGroup;
			children = (
				8C7B2FFD2108E35500D7081F /* proBazi.xcdatamodel */,
			);
			currentVersion = 8C7B2FFD2108E35500D7081F /* proBazi.xcdatamodel */;
			path = proBazi.xcdatamodeld;
			sourceTree = "<group>";
			versionGroupType = wrapper.xcdatamodel;
		};
/* End XCVersionGroup section */
	};
	rootObject = 8C7B2FEA2108E35500D7081F /* Project object */;
}
